<?xml version="1.0" encoding="utf-8"?>
<Project ToolsVersion="4.0" xmlns="http://schemas.microsoft.com/developer/msbuild/2003">
  <ItemGroup>
    <Filter Include="Zdrojové soubory">
      <UniqueIdentifier>{4FC737F1-C7A5-4376-A066-2A32D752A2FF}</UniqueIdentifier>
      <Extensions>cpp;c;cc;cxx;c++;cppm;ixx;def;odl;idl;hpj;bat;asm;asmx</Extensions>
    </Filter>
    <Filter Include="Hlavičkové soubory">
      <UniqueIdentifier>{93995380-89BD-4b04-88EB-625FBE52EBFB}</UniqueIdentifier>
      <Extensions>h;hh;hpp;hxx;h++;hm;inl;inc;ipp;xsd</Extensions>
    </Filter>
    <Filter Include="Soubory zdrojů">
      <UniqueIdentifier>{67DA6AB6-F800-4c08-8B7A-83BB121AAD01}</UniqueIdentifier>
      <Extensions>rc;ico;cur;bmp;dlg;rc2;rct;bin;rgs;gif;jpg;jpeg;jpe;resx;tiff;tif;png;wav;mfcribbon-ms</Extensions>
    </Filter>
    <Filter Include="Hlavičkové soubory\forms">
      <UniqueIdentifier>{bf406db7-77ab-44d6-b309-705a228b23fc}</UniqueIdentifier>
    </Filter>
    <Filter Include="Zdrojové soubory\forms">
      <UniqueIdentifier>{1a14f6b0-2ade-4a77-92af-2aca6537e0fc}</UniqueIdentifier>
    </Filter>
  </ItemGroup>
  <ItemGroup>
    <ClCompile Include="main.cpp">
      <Filter>Zdrojové soubory</Filter>
    </ClCompile>
    <ClCompile Include="other.cpp">
      <Filter>Zdrojové soubory</Filter>
    </ClCompile>
    <ClCompile Include="forms\form_about.cpp">
      <Filter>Zdrojové soubory\forms</Filter>
    </ClCompile>
    <ClCompile Include="fs_archive.cpp">
      <Filter>Zdrojové soubory</Filter>
    </ClCompile>
    <ClCompile Include="SpellMod.cpp">
      <Filter>Zdrojové soubory</Filter>
    </ClCompile>
    <ClCompile Include="LZ_spell.cpp">
      <Filter>Zdrojové soubory</Filter>
    </ClCompile>
    <ClCompile Include="wx_other.cpp">
      <Filter>Zdrojové soubory</Filter>
    </ClCompile>
    <ClCompile Include="SpellLaunch.cpp">
      <Filter>Zdrojové soubory</Filter>
    </ClCompile>
    <ClCompile Include="fsu_archive.cpp">
      <Filter>Zdrojové soubory</Filter>
    </ClCompile>
    <ClCompile Include="forms\form_edit.cpp">
      <Filter>Zdrojové soubory\forms</Filter>
    </ClCompile>
    <ClCompile Include="forms\form_save_backup.cpp">
      <Filter>Zdrojové soubory\forms</Filter>
    </ClCompile>
    <ClCompile Include="SpellSaves.cpp">
      <Filter>Zdrojové soubory</Filter>
    </ClCompile>
  </ItemGroup>
  <ItemGroup>
    <ClInclude Include="main.h">
      <Filter>Hlavičkové soubory</Filter>
    </ClInclude>
    <ClInclude Include="SimpleIni.h">
      <Filter>Hlavičkové soubory</Filter>
    </ClInclude>
    <ClInclude Include="other.h">
      <Filter>Hlavičkové soubory</Filter>
    </ClInclude>
    <ClInclude Include="forms\form_about.h">
      <Filter>Hlavičkové soubory\forms</Filter>
    </ClInclude>
    <ClInclude Include="fs_archive.h">
      <Filter>Hlavičkové soubory</Filter>
    </ClInclude>
    <ClInclude Include="SpellMod.h">
      <Filter>Hlavičkové soubory</Filter>
    </ClInclude>
    <ClInclude Include="LZ_spell.h">
      <Filter>Hlavičkové soubory</Filter>
    </ClInclude>
    <ClInclude Include="wx_other.h">
      <Filter>Hlavičkové soubory</Filter>
    </ClInclude>
    <ClInclude Include="SpellLaunch.h">
      <Filter>Hlavičkové soubory</Filter>
    </ClInclude>
    <ClInclude Include="fsu_archive.h">
      <Filter>Hlavičkové soubory</Filter>
    </ClInclude>
    <ClInclude Include="resource.h">
      <Filter>Hlavičkové soubory</Filter>
    </ClInclude>
    <ClInclude Include="forms\form_edit.h">
      <Filter>Hlavičkové soubory\forms</Filter>
    </ClInclude>
    <ClInclude Include="forms\form_save_backup.h">
      <Filter>Hlavičkové soubory\forms</Filter>
    </ClInclude>
    <ClInclude Include="SpellSaves.h">
      <Filter>Hlavičkové soubory</Filter>
    </ClInclude>
  </ItemGroup>
  <ItemGroup>
    <ResourceCompile Include="resources.rc">
      <Filter>Soubory zdrojů</Filter>
    </ResourceCompile>
  </ItemGroup>
  <ItemGroup>
    <None Include="wx\msw\svg1.bin">
      <Filter>Soubory zdrojů</Filter>
    </None>
    <None Include="wx\msw\hand.cur">
      <Filter>Soubory zdrojů</Filter>
    </None>
    <None Include="wx\msw\bullseye.cur">
      <Filter>Soubory zdrojů</Filter>
    </None>
    <None Include="wx\msw\pencil.cur">
      <Filter>Soubory zdrojů</Filter>
    </None>
    <None Include="wx\msw\magnif1.cur">
      <Filter>Soubory zdrojů</Filter>
    </None>
    <None Include="wx\msw\roller.cur">
      <Filter>Soubory zdrojů</Filter>
    </None>
    <None Include="wx\msw\pbrush.cur">
      <Filter>Soubory zdrojů</Filter>
    </None>
    <None Include="wx\msw\pntleft.cur">
      <Filter>Soubory zdrojů</Filter>
    </None>
    <None Include="wx\msw\pntright.cur">
      <Filter>Soubory zdrojů</Filter>
    </None>
    <None Include="wx\msw\blank.cur">
      <Filter>Soubory zdrojů</Filter>
    </None>
    <None Include="wx\msw\cross.cur">
      <Filter>Soubory zdrojů</Filter>
    </None>
    <None Include="ico\save.svg" />
  </ItemGroup>
  <ItemGroup>
    <Image Include="ico\icon.ico">
      <Filter>Soubory zdrojů</Filter>
    </Image>
    <Image Include="wx\msw\std.ico">
      <Filter>Soubory zdrojů</Filter>
    </Image>
    <Image Include="wx\msw\folder1.ico">
      <Filter>Soubory zdrojů</Filter>
    </Image>
    <Image Include="wx\msw\folder2.ico">
      <Filter>Soubory zdrojů</Filter>
    </Image>
    <Image Include="wx\msw\file1.ico">
      <Filter>Soubory zdrojů</Filter>
    </Image>
    <Image Include="wx\msw\computer.ico">
      <Filter>Soubory zdrojů</Filter>
    </Image>
    <Image Include="wx\msw\drive.ico">
      <Filter>Soubory zdrojů</Filter>
    </Image>
    <Image Include="wx\msw\cdrom.ico">
      <Filter>Soubory zdrojů</Filter>
    </Image>
    <Image Include="wx\msw\floppy.ico">
      <Filter>Soubory zdrojů</Filter>
    </Image>
    <Image Include="wx\msw\removble.ico">
      <Filter>Soubory zdrojů</Filter>
    </Image>
    <Image Include="ico\info.ico">
      <Filter>Soubory zdrojů</Filter>
    </Image>
    <Image Include="ico\SPELCROS.ICO">
      <Filter>Soubory zdrojů</Filter>
    </Image>
    <Image Include="wx\msw\csquery.bmp">
      <Filter>Soubory zdrojů</Filter>
    </Image>
    <Image Include="wx\msw\colours.bmp">
      <Filter>Soubory zdrojů</Filter>
    </Image>
    <Image Include="ico\multi.bmp">
      <Filter>Soubory zdrojů</Filter>
    </Image>
    <Image Include="ico\folder.bmp">
      <Filter>Soubory zdrojů</Filter>
    </Image>
    <Image Include="ico\folder_open.bmp">
      <Filter>Soubory zdrojů</Filter>
    </Image>
    <Image Include="ico\single.bmp">
      <Filter>Soubory zdrojů</Filter>
    </Image>
    <Image Include="ico\spr_a.bmp">
      <Filter>Soubory zdrojů</Filter>
    </Image>
    <Image Include="ico\spr_obj.bmp">
      <Filter>Soubory zdrojů</Filter>
    </Image>
    <Image Include="ico\multi.png">
      <Filter>Soubory zdrojů</Filter>
    </Image>
  </ItemGroup>
</Project>